version = 1
revision = 1
requires-python = ">=3.9"

[[package]]
name = "rapidfuzz"
version = "3.13.0"
source = { registry = "https://pypi.org/simple" }
sdist = { url = "https://files.pythonhosted.org/packages/ed/f6/6895abc3a3d056b9698da3199b04c0e56226d530ae44a470edabf8b664f0/rapidfuzz-3.13.0.tar.gz", hash = "sha256:d2eaf3839e52cbcc0accbe9817a67b4b0fcf70aaeb229cfddc1c28061f9ce5d8", size = 57904226 }
wheels = [
    { url = "https://files.pythonhosted.org/packages/de/27/ca10b3166024ae19a7e7c21f73c58dfd4b7fef7420e5497ee64ce6b73453/rapidfuzz-3.13.0-cp310-cp310-macosx_10_9_x86_64.whl", hash = "sha256:aafc42a1dc5e1beeba52cd83baa41372228d6d8266f6d803c16dbabbcc156255", size = 1998899 },
    { url = "https://files.pythonhosted.org/packages/f0/38/c4c404b13af0315483a6909b3a29636e18e1359307fb74a333fdccb3730d/rapidfuzz-3.13.0-cp310-cp310-macosx_11_0_arm64.whl", hash = "sha256:85c9a131a44a95f9cac2eb6e65531db014e09d89c4f18c7b1fa54979cb9ff1f3", size = 1449949 },
    { url = "https://files.pythonhosted.org/packages/12/ae/15c71d68a6df6b8e24595421fdf5bcb305888318e870b7be8d935a9187ee/rapidfuzz-3.13.0-cp310-cp310-manylinux_2_17_aarch64.manylinux2014_aarch64.whl", hash = "sha256:7d7cec4242d30dd521ef91c0df872e14449d1dffc2a6990ede33943b0dae56c3", size = 1424199 },
    { url = "https://files.pythonhosted.org/packages/dc/9a/765beb9e14d7b30d12e2d6019e8b93747a0bedbc1d0cce13184fa3825426/rapidfuzz-3.13.0-cp310-cp310-manylinux_2_17_i686.manylinux2014_i686.whl", hash = "sha256:e297c09972698c95649e89121e3550cee761ca3640cd005e24aaa2619175464e", size = 5352400 },
    { url = "https://files.pythonhosted.org/packages/e2/b8/49479fe6f06b06cd54d6345ed16de3d1ac659b57730bdbe897df1e059471/rapidfuzz-3.13.0-cp310-cp310-manylinux_2_17_ppc64le.manylinux2014_ppc64le.whl", hash = "sha256:ef0f5f03f61b0e5a57b1df7beafd83df993fd5811a09871bad6038d08e526d0d", size = 1652465 },
    { url = "https://files.pythonhosted.org/packages/6f/d8/08823d496b7dd142a7b5d2da04337df6673a14677cfdb72f2604c64ead69/rapidfuzz-3.13.0-cp310-cp310-manylinux_2_17_s390x.manylinux2014_s390x.whl", hash = "sha256:d8cf5f7cd6e4d5eb272baf6a54e182b2c237548d048e2882258336533f3f02b7", size = 1616590 },
    { url = "https://files.pythonhosted.org/packages/38/d4/5cfbc9a997e544f07f301c54d42aac9e0d28d457d543169e4ec859b8ce0d/rapidfuzz-3.13.0-cp310-cp310-manylinux_2_17_x86_64.manylinux2014_x86_64.whl", hash = "sha256:9256218ac8f1a957806ec2fb9a6ddfc6c32ea937c0429e88cf16362a20ed8602", size = 3086956 },
    { url = "https://files.pythonhosted.org/packages/25/1e/06d8932a72fa9576095234a15785136407acf8f9a7dbc8136389a3429da1/rapidfuzz-3.13.0-cp310-cp310-musllinux_1_2_aarch64.whl", hash = "sha256:e1bdd2e6d0c5f9706ef7595773a81ca2b40f3b33fd7f9840b726fb00c6c4eb2e", size = 2494220 },
    { url = "https://files.pythonhosted.org/packages/03/16/5acf15df63119d5ca3d9a54b82807866ff403461811d077201ca351a40c3/rapidfuzz-3.13.0-cp310-cp310-musllinux_1_2_i686.whl", hash = "sha256:5280be8fd7e2bee5822e254fe0a5763aa0ad57054b85a32a3d9970e9b09bbcbf", size = 7585481 },
    { url = "https://files.pythonhosted.org/packages/e1/cf/ebade4009431ea8e715e59e882477a970834ddaacd1a670095705b86bd0d/rapidfuzz-3.13.0-cp310-cp310-musllinux_1_2_ppc64le.whl", hash = "sha256:fd742c03885db1fce798a1cd87a20f47f144ccf26d75d52feb6f2bae3d57af05", size = 2894842 },
    { url = "https://files.pythonhosted.org/packages/a7/bd/0732632bd3f906bf613229ee1b7cbfba77515db714a0e307becfa8a970ae/rapidfuzz-3.13.0-cp310-cp310-musllinux_1_2_s390x.whl", hash = "sha256:5435fcac94c9ecf0504bf88a8a60c55482c32e18e108d6079a0089c47f3f8cf6", size = 3438517 },
    { url = "https://files.pythonhosted.org/packages/83/89/d3bd47ec9f4b0890f62aea143a1e35f78f3d8329b93d9495b4fa8a3cbfc3/rapidfuzz-3.13.0-cp310-cp310-musllinux_1_2_x86_64.whl", hash = "sha256:93a755266856599be4ab6346273f192acde3102d7aa0735e2f48b456397a041f", size = 4412773 },
    { url = "https://files.pythonhosted.org/packages/b3/57/1a152a07883e672fc117c7f553f5b933f6e43c431ac3fd0e8dae5008f481/rapidfuzz-3.13.0-cp310-cp310-win32.whl", hash = "sha256:3abe6a4e8eb4cfc4cda04dd650a2dc6d2934cbdeda5def7e6fd1c20f6e7d2a0b", size = 1842334 },
    { url = "https://files.pythonhosted.org/packages/a7/68/7248addf95b6ca51fc9d955161072285da3059dd1472b0de773cff910963/rapidfuzz-3.13.0-cp310-cp310-win_amd64.whl", hash = "sha256:e8ddb58961401da7d6f55f185512c0d6bd24f529a637078d41dd8ffa5a49c107", size = 1624392 },
    { url = "https://files.pythonhosted.org/packages/68/23/f41c749f2c61ed1ed5575eaf9e73ef9406bfedbf20a3ffa438d15b5bf87e/rapidfuzz-3.13.0-cp310-cp310-win_arm64.whl", hash = "sha256:c523620d14ebd03a8d473c89e05fa1ae152821920c3ff78b839218ff69e19ca3", size = 865584 },
    { url = "https://files.pythonhosted.org/packages/87/17/9be9eff5a3c7dfc831c2511262082c6786dca2ce21aa8194eef1cb71d67a/rapidfuzz-3.13.0-cp311-cp311-macosx_10_9_x86_64.whl", hash = "sha256:d395a5cad0c09c7f096433e5fd4224d83b53298d53499945a9b0e5a971a84f3a", size = 1999453 },
    { url = "https://files.pythonhosted.org/packages/75/67/62e57896ecbabe363f027d24cc769d55dd49019e576533ec10e492fcd8a2/rapidfuzz-3.13.0-cp311-cp311-macosx_11_0_arm64.whl", hash = "sha256:b7b3eda607a019169f7187328a8d1648fb9a90265087f6903d7ee3a8eee01805", size = 1450881 },
    { url = "https://files.pythonhosted.org/packages/96/5c/691c5304857f3476a7b3df99e91efc32428cbe7d25d234e967cc08346c13/rapidfuzz-3.13.0-cp311-cp311-manylinux_2_17_aarch64.manylinux2014_aarch64.whl", hash = "sha256:98e0bfa602e1942d542de077baf15d658bd9d5dcfe9b762aff791724c1c38b70", size = 1422990 },
    { url = "https://files.pythonhosted.org/packages/46/81/7a7e78f977496ee2d613154b86b203d373376bcaae5de7bde92f3ad5a192/rapidfuzz-3.13.0-cp311-cp311-manylinux_2_17_i686.manylinux2014_i686.whl", hash = "sha256:bef86df6d59667d9655905b02770a0c776d2853971c0773767d5ef8077acd624", size = 5342309 },
    { url = "https://files.pythonhosted.org/packages/51/44/12fdd12a76b190fe94bf38d252bb28ddf0ab7a366b943e792803502901a2/rapidfuzz-3.13.0-cp311-cp311-manylinux_2_17_ppc64le.manylinux2014_ppc64le.whl", hash = "sha256:fedd316c165beed6307bf754dee54d3faca2c47e1f3bcbd67595001dfa11e969", size = 1656881 },
    { url = "https://files.pythonhosted.org/packages/27/ae/0d933e660c06fcfb087a0d2492f98322f9348a28b2cc3791a5dbadf6e6fb/rapidfuzz-3.13.0-cp311-cp311-manylinux_2_17_s390x.manylinux2014_s390x.whl", hash = "sha256:5158da7f2ec02a930be13bac53bb5903527c073c90ee37804090614cab83c29e", size = 1608494 },
    { url = "https://files.pythonhosted.org/packages/3d/2c/4b2f8aafdf9400e5599b6ed2f14bc26ca75f5a923571926ccbc998d4246a/rapidfuzz-3.13.0-cp311-cp311-manylinux_2_17_x86_64.manylinux2014_x86_64.whl", hash = "sha256:3b6f913ee4618ddb6d6f3e387b76e8ec2fc5efee313a128809fbd44e65c2bbb2", size = 3072160 },
    { url = "https://files.pythonhosted.org/packages/60/7d/030d68d9a653c301114101c3003b31ce01cf2c3224034cd26105224cd249/rapidfuzz-3.13.0-cp311-cp311-musllinux_1_2_aarch64.whl", hash = "sha256:d25fdbce6459ccbbbf23b4b044f56fbd1158b97ac50994eaae2a1c0baae78301", size = 2491549 },
    { url = "https://files.pythonhosted.org/packages/8e/cd/7040ba538fc6a8ddc8816a05ecf46af9988b46c148ddd7f74fb0fb73d012/rapidfuzz-3.13.0-cp311-cp311-musllinux_1_2_i686.whl", hash = "sha256:25343ccc589a4579fbde832e6a1e27258bfdd7f2eb0f28cb836d6694ab8591fc", size = 7584142 },
    { url = "https://files.pythonhosted.org/packages/c1/96/85f7536fbceb0aa92c04a1c37a3fc4fcd4e80649e9ed0fb585382df82edc/rapidfuzz-3.13.0-cp311-cp311-musllinux_1_2_ppc64le.whl", hash = "sha256:a9ad1f37894e3ffb76bbab76256e8a8b789657183870be11aa64e306bb5228fd", size = 2896234 },
    { url = "https://files.pythonhosted.org/packages/55/fd/460e78438e7019f2462fe9d4ecc880577ba340df7974c8a4cfe8d8d029df/rapidfuzz-3.13.0-cp311-cp311-musllinux_1_2_s390x.whl", hash = "sha256:5dc71ef23845bb6b62d194c39a97bb30ff171389c9812d83030c1199f319098c", size = 3437420 },
    { url = "https://files.pythonhosted.org/packages/cc/df/c3c308a106a0993befd140a414c5ea78789d201cf1dfffb8fd9749718d4f/rapidfuzz-3.13.0-cp311-cp311-musllinux_1_2_x86_64.whl", hash = "sha256:b7f4c65facdb94f44be759bbd9b6dda1fa54d0d6169cdf1a209a5ab97d311a75", size = 4410860 },
    { url = "https://files.pythonhosted.org/packages/75/ee/9d4ece247f9b26936cdeaae600e494af587ce9bf8ddc47d88435f05cfd05/rapidfuzz-3.13.0-cp311-cp311-win32.whl", hash = "sha256:b5104b62711565e0ff6deab2a8f5dbf1fbe333c5155abe26d2cfd6f1849b6c87", size = 1843161 },
    { url = "https://files.pythonhosted.org/packages/c9/5a/d00e1f63564050a20279015acb29ecaf41646adfacc6ce2e1e450f7f2633/rapidfuzz-3.13.0-cp311-cp311-win_amd64.whl", hash = "sha256:9093cdeb926deb32a4887ebe6910f57fbcdbc9fbfa52252c10b56ef2efb0289f", size = 1629962 },
    { url = "https://files.pythonhosted.org/packages/3b/74/0a3de18bc2576b794f41ccd07720b623e840fda219ab57091897f2320fdd/rapidfuzz-3.13.0-cp311-cp311-win_arm64.whl", hash = "sha256:f70f646751b6aa9d05be1fb40372f006cc89d6aad54e9d79ae97bd1f5fce5203", size = 866631 },
    { url = "https://files.pythonhosted.org/packages/13/4b/a326f57a4efed8f5505b25102797a58e37ee11d94afd9d9422cb7c76117e/rapidfuzz-3.13.0-cp312-cp312-macosx_10_13_x86_64.whl", hash = "sha256:4a1a6a906ba62f2556372282b1ef37b26bca67e3d2ea957277cfcefc6275cca7", size = 1989501 },
    { url = "https://files.pythonhosted.org/packages/b7/53/1f7eb7ee83a06c400089ec7cb841cbd581c2edd7a4b21eb2f31030b88daa/rapidfuzz-3.13.0-cp312-cp312-macosx_11_0_arm64.whl", hash = "sha256:2fd0975e015b05c79a97f38883a11236f5a24cca83aa992bd2558ceaa5652b26", size = 1445379 },
    { url = "https://files.pythonhosted.org/packages/07/09/de8069a4599cc8e6d194e5fa1782c561151dea7d5e2741767137e2a8c1f0/rapidfuzz-3.13.0-cp312-cp312-manylinux_2_17_aarch64.manylinux2014_aarch64.whl", hash = "sha256:5d4e13593d298c50c4f94ce453f757b4b398af3fa0fd2fde693c3e51195b7f69", size = 1405986 },
    { url = "https://files.pythonhosted.org/packages/5d/77/d9a90b39c16eca20d70fec4ca377fbe9ea4c0d358c6e4736ab0e0e78aaf6/rapidfuzz-3.13.0-cp312-cp312-manylinux_2_17_i686.manylinux2014_i686.whl", hash = "sha256:ed6f416bda1c9133000009d84d9409823eb2358df0950231cc936e4bf784eb97", size = 5310809 },
    { url = "https://files.pythonhosted.org/packages/1e/7d/14da291b0d0f22262d19522afaf63bccf39fc027c981233fb2137a57b71f/rapidfuzz-3.13.0-cp312-cp312-manylinux_2_17_ppc64le.manylinux2014_ppc64le.whl", hash = "sha256:1dc82b6ed01acb536b94a43996a94471a218f4d89f3fdd9185ab496de4b2a981", size = 1629394 },
    { url = "https://files.pythonhosted.org/packages/b7/e4/79ed7e4fa58f37c0f8b7c0a62361f7089b221fe85738ae2dbcfb815e985a/rapidfuzz-3.13.0-cp312-cp312-manylinux_2_17_s390x.manylinux2014_s390x.whl", hash = "sha256:e9d824de871daa6e443b39ff495a884931970d567eb0dfa213d234337343835f", size = 1600544 },
    { url = "https://files.pythonhosted.org/packages/4e/20/e62b4d13ba851b0f36370060025de50a264d625f6b4c32899085ed51f980/rapidfuzz-3.13.0-cp312-cp312-manylinux_2_17_x86_64.manylinux2014_x86_64.whl", hash = "sha256:2d18228a2390375cf45726ce1af9d36ff3dc1f11dce9775eae1f1b13ac6ec50f", size = 3052796 },
    { url = "https://files.pythonhosted.org/packages/cd/8d/55fdf4387dec10aa177fe3df8dbb0d5022224d95f48664a21d6b62a5299d/rapidfuzz-3.13.0-cp312-cp312-musllinux_1_2_aarch64.whl", hash = "sha256:9f5fe634c9482ec5d4a6692afb8c45d370ae86755e5f57aa6c50bfe4ca2bdd87", size = 2464016 },
    { url = "https://files.pythonhosted.org/packages/9b/be/0872f6a56c0f473165d3b47d4170fa75263dc5f46985755aa9bf2bbcdea1/rapidfuzz-3.13.0-cp312-cp312-musllinux_1_2_i686.whl", hash = "sha256:694eb531889f71022b2be86f625a4209c4049e74be9ca836919b9e395d5e33b3", size = 7556725 },
    { url = "https://files.pythonhosted.org/packages/5d/f3/6c0750e484d885a14840c7a150926f425d524982aca989cdda0bb3bdfa57/rapidfuzz-3.13.0-cp312-cp312-musllinux_1_2_ppc64le.whl", hash = "sha256:11b47b40650e06147dee5e51a9c9ad73bb7b86968b6f7d30e503b9f8dd1292db", size = 2859052 },
    { url = "https://files.pythonhosted.org/packages/6f/98/5a3a14701b5eb330f444f7883c9840b43fb29c575e292e09c90a270a6e07/rapidfuzz-3.13.0-cp312-cp312-musllinux_1_2_s390x.whl", hash = "sha256:98b8107ff14f5af0243f27d236bcc6e1ef8e7e3b3c25df114e91e3a99572da73", size = 3390219 },
    { url = "https://files.pythonhosted.org/packages/e9/7d/f4642eaaeb474b19974332f2a58471803448be843033e5740965775760a5/rapidfuzz-3.13.0-cp312-cp312-musllinux_1_2_x86_64.whl", hash = "sha256:b836f486dba0aceb2551e838ff3f514a38ee72b015364f739e526d720fdb823a", size = 4377924 },
    { url = "https://files.pythonhosted.org/packages/8e/83/fa33f61796731891c3e045d0cbca4436a5c436a170e7f04d42c2423652c3/rapidfuzz-3.13.0-cp312-cp312-win32.whl", hash = "sha256:4671ee300d1818d7bdfd8fa0608580d7778ba701817216f0c17fb29e6b972514", size = 1823915 },
    { url = "https://files.pythonhosted.org/packages/03/25/5ee7ab6841ca668567d0897905eebc79c76f6297b73bf05957be887e9c74/rapidfuzz-3.13.0-cp312-cp312-win_amd64.whl", hash = "sha256:6e2065f68fb1d0bf65adc289c1bdc45ba7e464e406b319d67bb54441a1b9da9e", size = 1616985 },
    { url = "https://files.pythonhosted.org/packages/76/5e/3f0fb88db396cb692aefd631e4805854e02120a2382723b90dcae720bcc6/rapidfuzz-3.13.0-cp312-cp312-win_arm64.whl", hash = "sha256:65cc97c2fc2c2fe23586599686f3b1ceeedeca8e598cfcc1b7e56dc8ca7e2aa7", size = 860116 },
    { url = "https://files.pythonhosted.org/packages/0a/76/606e71e4227790750f1646f3c5c873e18d6cfeb6f9a77b2b8c4dec8f0f66/rapidfuzz-3.13.0-cp313-cp313-macosx_10_13_x86_64.whl", hash = "sha256:09e908064d3684c541d312bd4c7b05acb99a2c764f6231bd507d4b4b65226c23", size = 1982282 },
    { url = "https://files.pythonhosted.org/packages/0a/f5/d0b48c6b902607a59fd5932a54e3518dae8223814db8349b0176e6e9444b/rapidfuzz-3.13.0-cp313-cp313-macosx_11_0_arm64.whl", hash = "sha256:57c390336cb50d5d3bfb0cfe1467478a15733703af61f6dffb14b1cd312a6fae", size = 1439274 },
    { url = "https://files.pythonhosted.org/packages/59/cf/c3ac8c80d8ced6c1f99b5d9674d397ce5d0e9d0939d788d67c010e19c65f/rapidfuzz-3.13.0-cp313-cp313-manylinux_2_17_aarch64.manylinux2014_aarch64.whl", hash = "sha256:0da54aa8547b3c2c188db3d1c7eb4d1bb6dd80baa8cdaeaec3d1da3346ec9caa", size = 1399854 },
    { url = "https://files.pythonhosted.org/packages/09/5d/ca8698e452b349c8313faf07bfa84e7d1c2d2edf7ccc67bcfc49bee1259a/rapidfuzz-3.13.0-cp313-cp313-manylinux_2_17_i686.manylinux2014_i686.whl", hash = "sha256:df8e8c21e67afb9d7fbe18f42c6111fe155e801ab103c81109a61312927cc611", size = 5308962 },
    { url = "https://files.pythonhosted.org/packages/66/0a/bebada332854e78e68f3d6c05226b23faca79d71362509dbcf7b002e33b7/rapidfuzz-3.13.0-cp313-cp313-manylinux_2_17_ppc64le.manylinux2014_ppc64le.whl", hash = "sha256:461fd13250a2adf8e90ca9a0e1e166515cbcaa5e9c3b1f37545cbbeff9e77f6b", size = 1625016 },
    { url = "https://files.pythonhosted.org/packages/de/0c/9e58d4887b86d7121d1c519f7050d1be5eb189d8a8075f5417df6492b4f5/rapidfuzz-3.13.0-cp313-cp313-manylinux_2_17_s390x.manylinux2014_s390x.whl", hash = "sha256:c2b3dd5d206a12deca16870acc0d6e5036abeb70e3cad6549c294eff15591527", size = 1600414 },
    { url = "https://files.pythonhosted.org/packages/9b/df/6096bc669c1311568840bdcbb5a893edc972d1c8d2b4b4325c21d54da5b1/rapidfuzz-3.13.0-cp313-cp313-manylinux_2_17_x86_64.manylinux2014_x86_64.whl", hash = "sha256:1343d745fbf4688e412d8f398c6e6d6f269db99a54456873f232ba2e7aeb4939", size = 3053179 },
    { url = "https://files.pythonhosted.org/packages/f9/46/5179c583b75fce3e65a5cd79a3561bd19abd54518cb7c483a89b284bf2b9/rapidfuzz-3.13.0-cp313-cp313-musllinux_1_2_aarch64.whl", hash = "sha256:b1b065f370d54551dcc785c6f9eeb5bd517ae14c983d2784c064b3aa525896df", size = 2456856 },
    { url = "https://files.pythonhosted.org/packages/6b/64/e9804212e3286d027ac35bbb66603c9456c2bce23f823b67d2f5cabc05c1/rapidfuzz-3.13.0-cp313-cp313-musllinux_1_2_i686.whl", hash = "sha256:11b125d8edd67e767b2295eac6eb9afe0b1cdc82ea3d4b9257da4b8e06077798", size = 7567107 },
    { url = "https://files.pythonhosted.org/packages/8a/f2/7d69e7bf4daec62769b11757ffc31f69afb3ce248947aadbb109fefd9f65/rapidfuzz-3.13.0-cp313-cp313-musllinux_1_2_ppc64le.whl", hash = "sha256:c33f9c841630b2bb7e69a3fb5c84a854075bb812c47620978bddc591f764da3d", size = 2854192 },
    { url = "https://files.pythonhosted.org/packages/05/21/ab4ad7d7d0f653e6fe2e4ccf11d0245092bef94cdff587a21e534e57bda8/rapidfuzz-3.13.0-cp313-cp313-musllinux_1_2_s390x.whl", hash = "sha256:ae4574cb66cf1e85d32bb7e9ec45af5409c5b3970b7ceb8dea90168024127566", size = 3398876 },
    { url = "https://files.pythonhosted.org/packages/0f/a8/45bba94c2489cb1ee0130dcb46e1df4fa2c2b25269e21ffd15240a80322b/rapidfuzz-3.13.0-cp313-cp313-musllinux_1_2_x86_64.whl", hash = "sha256:e05752418b24bbd411841b256344c26f57da1148c5509e34ea39c7eb5099ab72", size = 4377077 },
    { url = "https://files.pythonhosted.org/packages/0c/f3/5e0c6ae452cbb74e5436d3445467447e8c32f3021f48f93f15934b8cffc2/rapidfuzz-3.13.0-cp313-cp313-win32.whl", hash = "sha256:0e1d08cb884805a543f2de1f6744069495ef527e279e05370dd7c83416af83f8", size = 1822066 },
    { url = "https://files.pythonhosted.org/packages/96/e3/a98c25c4f74051df4dcf2f393176b8663bfd93c7afc6692c84e96de147a2/rapidfuzz-3.13.0-cp313-cp313-win_amd64.whl", hash = "sha256:9a7c6232be5f809cd39da30ee5d24e6cadd919831e6020ec6c2391f4c3bc9264", size = 1615100 },
    { url = "https://files.pythonhosted.org/packages/60/b1/05cd5e697c00cd46d7791915f571b38c8531f714832eff2c5e34537c49ee/rapidfuzz-3.13.0-cp313-cp313-win_arm64.whl", hash = "sha256:3f32f15bacd1838c929b35c84b43618481e1b3d7a61b5ed2db0291b70ae88b53", size = 858976 },
    { url = "https://files.pythonhosted.org/packages/24/23/fceeab4ed5d0ecddd573b19502547fdc9be80418628bb8947fc22e905844/rapidfuzz-3.13.0-cp39-cp39-macosx_10_9_x86_64.whl", hash = "sha256:cc64da907114d7a18b5e589057e3acaf2fec723d31c49e13fedf043592a3f6a7", size = 2002049 },
    { url = "https://files.pythonhosted.org/packages/f4/20/189c716da9e3c5a907b4620b6c326fc09c47dab10bf025b9482932b972ba/rapidfuzz-3.13.0-cp39-cp39-macosx_11_0_arm64.whl", hash = "sha256:4d9d7f84c8e992a8dbe5a3fdbea73d733da39bf464e62c912ac3ceba9c0cff93", size = 1452832 },
    { url = "https://files.pythonhosted.org/packages/e3/3c/195f8c4b4a76e00c4d2f5f4ebec2c2108a81afbb1339a3378cf9b370bd02/rapidfuzz-3.13.0-cp39-cp39-manylinux_2_17_aarch64.manylinux2014_aarch64.whl", hash = "sha256:1a79a2f07786a2070669b4b8e45bd96a01c788e7a3c218f531f3947878e0f956", size = 1426492 },
    { url = "https://files.pythonhosted.org/packages/ae/8e/e1eca4b25ecdfed51750008e9b0f5d3539bbd897f8ea14f525738775d1b6/rapidfuzz-3.13.0-cp39-cp39-manylinux_2_17_i686.manylinux2014_i686.whl", hash = "sha256:9f338e71c45b69a482de8b11bf4a029993230760120c8c6e7c9b71760b6825a1", size = 5343427 },
    { url = "https://files.pythonhosted.org/packages/48/0d/366b972b54d7d6edd83c86ebcdf5ca446f35fba72d8b283a3629f0677b7f/rapidfuzz-3.13.0-cp39-cp39-manylinux_2_17_ppc64le.manylinux2014_ppc64le.whl", hash = "sha256:adb40ca8ddfcd4edd07b0713a860be32bdf632687f656963bcbce84cea04b8d8", size = 1649583 },
    { url = "https://files.pythonhosted.org/packages/93/1b/7f5841392bae67e645dc39e49b37824028a400c489e8afb16eb1e5095da8/rapidfuzz-3.13.0-cp39-cp39-manylinux_2_17_s390x.manylinux2014_s390x.whl", hash = "sha256:48719f7dcf62dfb181063b60ee2d0a39d327fa8ad81b05e3e510680c44e1c078", size = 1615186 },
    { url = "https://files.pythonhosted.org/packages/5e/00/861a4601e4685efd8161966cf35728806fb9df112b6951585bb194f74379/rapidfuzz-3.13.0-cp39-cp39-manylinux_2_17_x86_64.manylinux2014_x86_64.whl", hash = "sha256:9327a4577f65fc3fb712e79f78233815b8a1c94433d0c2c9f6bc5953018b3565", size = 3080994 },
    { url = "https://files.pythonhosted.org/packages/6f/5a/19c03bc9a550f63875d8db25c3d9b2e6d98757bd28ea1a1fd40ec6b22ee1/rapidfuzz-3.13.0-cp39-cp39-musllinux_1_2_aarch64.whl", hash = "sha256:200030dfc0a1d5d6ac18e993c5097c870c97c41574e67f227300a1fb74457b1d", size = 2492755 },
    { url = "https://files.pythonhosted.org/packages/f0/44/5b860b4dcab7ee6f4ded818d5b0bf548772519386418ab84e9f395c7e995/rapidfuzz-3.13.0-cp39-cp39-musllinux_1_2_i686.whl", hash = "sha256:cc269e74cad6043cb8a46d0ce580031ab642b5930562c2bb79aa7fbf9c858d26", size = 7577160 },
    { url = "https://files.pythonhosted.org/packages/d0/64/22aab1c17c96ae344a06e5be692a62977d6acd5dd7f8470a8e068111282a/rapidfuzz-3.13.0-cp39-cp39-musllinux_1_2_ppc64le.whl", hash = "sha256:e62779c6371bd2b21dbd1fdce89eaec2d93fd98179d36f61130b489f62294a92", size = 2891173 },
    { url = "https://files.pythonhosted.org/packages/9b/da/e4928f158c5cebe2877dc11dea62d230cc02bd977992cf4bf33c41ae6ffe/rapidfuzz-3.13.0-cp39-cp39-musllinux_1_2_s390x.whl", hash = "sha256:f4797f821dc5d7c2b6fc818b89f8a3f37bcc900dd9e4369e6ebf1e525efce5db", size = 3434650 },
    { url = "https://files.pythonhosted.org/packages/5c/d7/a126c0f4ae2b7927d2b7a4206e2b98db2940591d4edcb350d772b97d18ba/rapidfuzz-3.13.0-cp39-cp39-musllinux_1_2_x86_64.whl", hash = "sha256:d21f188f6fe4fbf422e647ae9d5a68671d00218e187f91859c963d0738ccd88c", size = 4414291 },
    { url = "https://files.pythonhosted.org/packages/d7/b0/3ad076cd513f5562b99c9e62760f7c451cd29f3d47d80ae40c8070e813f4/rapidfuzz-3.13.0-cp39-cp39-win32.whl", hash = "sha256:45dd4628dd9c21acc5c97627dad0bb791764feea81436fb6e0a06eef4c6dceaa", size = 1845012 },
    { url = "https://files.pythonhosted.org/packages/aa/0f/b6a37389f33c777de96b26f0ae1362d3524cad3fb84468a46346c24b6a98/rapidfuzz-3.13.0-cp39-cp39-win_amd64.whl", hash = "sha256:624a108122039af89ddda1a2b7ab2a11abe60c1521956f142f5d11bcd42ef138", size = 1627071 },
    { url = "https://files.pythonhosted.org/packages/89/10/ce1083b678db3e39b9a42244471501fb4d925b7cab0a771790d2ca3b3c27/rapidfuzz-3.13.0-cp39-cp39-win_arm64.whl", hash = "sha256:435071fd07a085ecbf4d28702a66fd2e676a03369ee497cc38bcb69a46bc77e2", size = 867233 },
    { url = "https://files.pythonhosted.org/packages/d5/e1/f5d85ae3c53df6f817ca70dbdd37c83f31e64caced5bb867bec6b43d1fdf/rapidfuzz-3.13.0-pp310-pypy310_pp73-macosx_10_15_x86_64.whl", hash = "sha256:fe5790a36d33a5d0a6a1f802aa42ecae282bf29ac6f7506d8e12510847b82a45", size = 1904437 },
    { url = "https://files.pythonhosted.org/packages/db/d7/ded50603dddc5eb182b7ce547a523ab67b3bf42b89736f93a230a398a445/rapidfuzz-3.13.0-pp310-pypy310_pp73-macosx_11_0_arm64.whl", hash = "sha256:cdb33ee9f8a8e4742c6b268fa6bd739024f34651a06b26913381b1413ebe7590", size = 1383126 },
    { url = "https://files.pythonhosted.org/packages/c4/48/6f795e793babb0120b63a165496d64f989b9438efbeed3357d9a226ce575/rapidfuzz-3.13.0-pp310-pypy310_pp73-manylinux_2_17_aarch64.manylinux2014_aarch64.whl", hash = "sha256:8c99b76b93f7b495eee7dcb0d6a38fb3ce91e72e99d9f78faa5664a881cb2b7d", size = 1365565 },
    { url = "https://files.pythonhosted.org/packages/f0/50/0062a959a2d72ed17815824e40e2eefdb26f6c51d627389514510a7875f3/rapidfuzz-3.13.0-pp310-pypy310_pp73-manylinux_2_17_i686.manylinux2014_i686.whl", hash = "sha256:6af42f2ede8b596a6aaf6d49fdee3066ca578f4856b85ab5c1e2145de367a12d", size = 5251719 },
    { url = "https://files.pythonhosted.org/packages/e7/02/bd8b70cd98b7a88e1621264778ac830c9daa7745cd63e838bd773b1aeebd/rapidfuzz-3.13.0-pp310-pypy310_pp73-manylinux_2_17_x86_64.manylinux2014_x86_64.whl", hash = "sha256:6c0efa73afbc5b265aca0d8a467ae2a3f40d6854cbe1481cb442a62b7bf23c99", size = 2991095 },
    { url = "https://files.pythonhosted.org/packages/9f/8d/632d895cdae8356826184864d74a5f487d40cb79f50a9137510524a1ba86/rapidfuzz-3.13.0-pp310-pypy310_pp73-win_amd64.whl", hash = "sha256:7ac21489de962a4e2fc1e8f0b0da4aa1adc6ab9512fd845563fecb4b4c52093a", size = 1553888 },
    { url = "https://files.pythonhosted.org/packages/88/df/6060c5a9c879b302bd47a73fc012d0db37abf6544c57591bcbc3459673bd/rapidfuzz-3.13.0-pp311-pypy311_pp73-macosx_10_15_x86_64.whl", hash = "sha256:1ba007f4d35a45ee68656b2eb83b8715e11d0f90e5b9f02d615a8a321ff00c27", size = 1905935 },
    { url = "https://files.pythonhosted.org/packages/a2/6c/a0b819b829e20525ef1bd58fc776fb8d07a0c38d819e63ba2b7c311a2ed4/rapidfuzz-3.13.0-pp311-pypy311_pp73-macosx_11_0_arm64.whl", hash = "sha256:d7a217310429b43be95b3b8ad7f8fc41aba341109dc91e978cd7c703f928c58f", size = 1383714 },
    { url = "https://files.pythonhosted.org/packages/6a/c1/3da3466cc8a9bfb9cd345ad221fac311143b6a9664b5af4adb95b5e6ce01/rapidfuzz-3.13.0-pp311-pypy311_pp73-manylinux_2_17_aarch64.manylinux2014_aarch64.whl", hash = "sha256:558bf526bcd777de32b7885790a95a9548ffdcce68f704a81207be4a286c1095", size = 1367329 },
    { url = "https://files.pythonhosted.org/packages/da/f0/9f2a9043bfc4e66da256b15d728c5fc2d865edf0028824337f5edac36783/rapidfuzz-3.13.0-pp311-pypy311_pp73-manylinux_2_17_i686.manylinux2014_i686.whl", hash = "sha256:202a87760f5145140d56153b193a797ae9338f7939eb16652dd7ff96f8faf64c", size = 5251057 },
    { url = "https://files.pythonhosted.org/packages/6a/ff/af2cb1d8acf9777d52487af5c6b34ce9d13381a753f991d95ecaca813407/rapidfuzz-3.13.0-pp311-pypy311_pp73-manylinux_2_17_x86_64.manylinux2014_x86_64.whl", hash = "sha256:cfcccc08f671646ccb1e413c773bb92e7bba789e3a1796fd49d23c12539fe2e4", size = 2992401 },
    { url = "https://files.pythonhosted.org/packages/c1/c5/c243b05a15a27b946180db0d1e4c999bef3f4221505dff9748f1f6c917be/rapidfuzz-3.13.0-pp311-pypy311_pp73-win_amd64.whl", hash = "sha256:1f219f1e3c3194d7a7de222f54450ce12bc907862ff9a8962d83061c1f923c86", size = 1553782 },
    { url = "https://files.pythonhosted.org/packages/67/28/76470c1da02ea9c0ff299aa06d87057122e94b55db60c4f57acbce7b0432/rapidfuzz-3.13.0-pp39-pypy39_pp73-macosx_10_15_x86_64.whl", hash = "sha256:ccbd0e7ea1a216315f63ffdc7cd09c55f57851afc8fe59a74184cb7316c0598b", size = 1908943 },
    { url = "https://files.pythonhosted.org/packages/ae/ff/fde4ebbc55da03a6319106eb287d87e2bc5e177e0c90c95c735086993c40/rapidfuzz-3.13.0-pp39-pypy39_pp73-macosx_11_0_arm64.whl", hash = "sha256:a50856f49a4016ef56edd10caabdaf3608993f9faf1e05c3c7f4beeac46bd12a", size = 1387875 },
    { url = "https://files.pythonhosted.org/packages/d0/a1/ef21859170e9d7e7e7ee818e9541b71da756189586f87e129c7b13c79dd3/rapidfuzz-3.13.0-pp39-pypy39_pp73-manylinux_2_17_aarch64.manylinux2014_aarch64.whl", hash = "sha256:0fd05336db4d0b8348d7eaaf6fa3c517b11a56abaa5e89470ce1714e73e4aca7", size = 1373040 },
    { url = "https://files.pythonhosted.org/packages/58/c7/2361a8787f12166212c7d4ad4d2a01b640164686ea39ee26b24fd12acd3e/rapidfuzz-3.13.0-pp39-pypy39_pp73-manylinux_2_17_i686.manylinux2014_i686.whl", hash = "sha256:573ad267eb9b3f6e9b04febce5de55d8538a87c56c64bf8fd2599a48dc9d8b77", size = 5254220 },
    { url = "https://files.pythonhosted.org/packages/1d/55/a965d98d5acf4a27ddd1d6621f086231dd243820e8108e8da7fa8a01ca1f/rapidfuzz-3.13.0-pp39-pypy39_pp73-manylinux_2_17_x86_64.manylinux2014_x86_64.whl", hash = "sha256:30fd1451f87ccb6c2f9d18f6caa483116bbb57b5a55d04d3ddbd7b86f5b14998", size = 2990908 },
    { url = "https://files.pythonhosted.org/packages/48/64/e49988ee08ddb6ca8757785577da0fe2302cf759a5b246f50eded8d66fdd/rapidfuzz-3.13.0-pp39-pypy39_pp73-win_amd64.whl", hash = "sha256:a6dd36d4916cf57ddb05286ed40b09d034ca5d4bca85c17be0cb6a21290597d9", size = 1555134 },
]

[[package]]
name = "simpleiso3166"
source = { editable = "." }

[package.optional-dependencies]
search = [
    { name = "rapidfuzz" },
]

[package.metadata]
requires-dist = [{ name = "rapidfuzz", marker = "extra == 'search'" }]
provides-extras = ["search"]
